<?xml version="1.0" encoding="utf-8"?>
<Project ToolsVersion="4.0" xmlns="http://schemas.microsoft.com/developer/msbuild/2003">
  <ItemGroup>
    <Filter Include="gtaun::unmm::sa">
      <UniqueIdentifier>{2a49da21-0cbf-4aeb-a375-cb695349fe23}</UniqueIdentifier>
    </Filter>
    <Filter Include="gtaun::unmm">
      <UniqueIdentifier>{8f258d37-0d36-4322-9460-c5bccf27a3bd}</UniqueIdentifier>
    </Filter>
    <Filter Include="gtaun::unmm::archive::imgv2">
      <UniqueIdentifier>{9522d1d4-5e50-472b-ba2f-4d79f99368bf}</UniqueIdentifier>
    </Filter>
  </ItemGroup>
  <ItemGroup>
    <ClCompile Include="gtaun\unmm\sa\EaxWrapper.cpp">
      <Filter>gtaun::unmm::sa</Filter>
    </ClCompile>
    <ClCompile Include="gtaun\unmm\sa\SubhookStatic.cpp">
      <Filter>gtaun::unmm::sa</Filter>
    </ClCompile>
    <ClCompile Include="gtaun\unmm\SimpleInlineHook.cpp">
      <Filter>gtaun::unmm</Filter>
    </ClCompile>
  </ItemGroup>
  <ItemGroup>
    <None Include="eax.def" />
  </ItemGroup>
  <ItemGroup>
    <ClInclude Include="gtaun\unmm\CoveringMapManager.hpp">
      <Filter>gtaun::unmm</Filter>
    </ClInclude>
    <ClInclude Include="gtaun\unmm\archive\imgv2\ImgV2.hpp">
      <Filter>gtaun::unmm::archive::imgv2</Filter>
    </ClInclude>
    <ClInclude Include="gtaun\unmm\archive\imgv2\ImgEntry.hpp">
      <Filter>gtaun::unmm::archive::imgv2</Filter>
    </ClInclude>
    <ClInclude Include="gtaun\unmm\archive\imgv2\ImgHeader.hpp">
      <Filter>gtaun::unmm::archive::imgv2</Filter>
    </ClInclude>
    <ClInclude Include="gtaun\unmm\archive\imgv2\ImgReader.hpp">
      <Filter>gtaun::unmm::archive::imgv2</Filter>
    </ClInclude>
    <ClInclude Include="gtaun\unmm\Utils.hpp">
      <Filter>gtaun::unmm</Filter>
    </ClInclude>
    <ClInclude Include="gtaun\unmm\archive\imgv2\FakeImgGenerator.hpp">
      <Filter>gtaun::unmm::archive::imgv2</Filter>
    </ClInclude>
    <ClInclude Include="gtaun\unmm\FileProcesser.hpp">
      <Filter>gtaun::unmm</Filter>
    </ClInclude>
    <ClInclude Include="gtaun\unmm\SimpleInlineHook.hpp">
      <Filter>gtaun::unmm</Filter>
    </ClInclude>
    <ClInclude Include="gtaun\unmm\SimpleAsm.hpp">
      <Filter>gtaun::unmm</Filter>
    </ClInclude>
  </ItemGroup>
</Project>